
Microsoft Visual Studio Solution File, Format Version 12.00
# Visual Studio Version 17
VisualStudioVersion = 17.4.33205.214
MinimumVisualStudioVersion = 10.0.40219.1
Project("{FAE04EC0-301F-11D3-BF4B-00C04F79EFBC}") = "Practicom.Repositories", "Practicom.Repositories\Practicom.Repositories.csproj", "{38BD03A3-9D7B-4B46-8B34-03838B44AA98}"
EndProject
Project("{FAE04EC0-301F-11D3-BF4B-00C04F79EFBC}") = "Practicom.Services", "Practicom.Services\Practicom.Services.csproj", "{7CD26691-29E8-46AC-8180-B496CDA236F2}"
EndProject
Project("{FAE04EC0-301F-11D3-BF4B-00C04F79EFBC}") = "Practicom.Common", "Practicom.Common\Practicom.Common.csproj", "{12F3A641-0831-4F83-8AC5-AABA761DD5E6}"
EndProject
Project("{FAE04EC0-301F-11D3-BF4B-00C04F79EFBC}") = "Practicom.API", "Practicom.API\Practicom.API.csproj", "{C76BEFED-6CAD-4579-9A74-942046DC0397}"
EndProject
Project("{FAE04EC0-301F-11D3-BF4B-00C04F79EFBC}") = "Practicom.Context", "Practicom.Context\Practicom.Context.csproj", "{51A9AE9E-EC85-400F-942F-675A280000CE}"
EndProject
Global
	GlobalSection(SolutionConfigurationPlatforms) = preSolution
		Debug|Any CPU = Debug|Any CPU
		Release|Any CPU = Release|Any CPU
	EndGlobalSection
	GlobalSection(ProjectConfigurationPlatforms) = postSolution
		{38BD03A3-9D7B-4B46-8B34-03838B44AA98}.Debug|Any CPU.ActiveCfg = Debug|Any CPU
		{38BD03A3-9D7B-4B46-8B34-03838B44AA98}.Debug|Any CPU.Build.0 = Debug|Any CPU
		{38BD03A3-9D7B-4B46-8B34-03838B44AA98}.Release|Any CPU.ActiveCfg = Release|Any CPU
		{38BD03A3-9D7B-4B46-8B34-03838B44AA98}.Release|Any CPU.Build.0 = Release|Any CPU
		{7CD26691-29E8-46AC-8180-B496CDA236F2}.Debug|Any CPU.ActiveCfg = Debug|Any CPU
		{7CD26691-29E8-46AC-8180-B496CDA236F2}.Debug|Any CPU.Build.0 = Debug|Any CPU
		{7CD26691-29E8-46AC-8180-B496CDA236F2}.Release|Any CPU.ActiveCfg = Release|Any CPU
		{7CD26691-29E8-46AC-8180-B496CDA236F2}.Release|Any CPU.Build.0 = Release|Any CPU
		{12F3A641-0831-4F83-8AC5-AABA761DD5E6}.Debug|Any CPU.ActiveCfg = Debug|Any CPU
		{12F3A641-0831-4F83-8AC5-AABA761DD5E6}.Debug|Any CPU.Build.0 = Debug|Any CPU
		{12F3A641-0831-4F83-8AC5-AABA761DD5E6}.Release|Any CPU.ActiveCfg = Release|Any CPU
		{12F3A641-0831-4F83-8AC5-AABA761DD5E6}.Release|Any CPU.Build.0 = Release|Any CPU
		{C76BEFED-6CAD-4579-9A74-942046DC0397}.Debug|Any CPU.ActiveCfg = Debug|Any CPU
		{C76BEFED-6CAD-4579-9A74-942046DC0397}.Debug|Any CPU.Build.0 = Debug|Any CPU
		{C76BEFED-6CAD-4579-9A74-942046DC0397}.Release|Any CPU.ActiveCfg = Release|Any CPU
		{C76BEFED-6CAD-4579-9A74-942046DC0397}.Release|Any CPU.Build.0 = Release|Any CPU
		{51A9AE9E-EC85-400F-942F-675A280000CE}.Debug|Any CPU.ActiveCfg = Debug|Any CPU
		{51A9AE9E-EC85-400F-942F-675A280000CE}.Debug|Any CPU.Build.0 = Debug|Any CPU
		{51A9AE9E-EC85-400F-942F-675A280000CE}.Release|Any CPU.ActiveCfg = Release|Any CPU
		{51A9AE9E-EC85-400F-942F-675A280000CE}.Release|Any CPU.Build.0 = Release|Any CPU
	EndGlobalSection
	GlobalSection(SolutionProperties) = preSolution
		HideSolutionNode = FALSE
	EndGlobalSection
	GlobalSection(ExtensibilityGlobals) = postSolution
		SolutionGuid = {91AD380B-6F18-4787-B9BE-CFDF18BA162D}
	EndGlobalSection
EndGlobal
